
Microsoft Visual Studio Solution File, Format Version 12.00
# Visual Studio Version 17
VisualStudioVersion = 17.9.34723.18
MinimumVisualStudioVersion = 10.0.40219.1
Project("{FAE04EC0-301F-11D3-BF4B-00C04F79EFBC}") = "webbandienthoai", "webbandienthoai\webbandienthoai.csproj", "{696CA139-4663-4B9F-9254-A72A75D43235}"
EndProject
Global
	GlobalSection(SolutionConfigurationPlatforms) = preSolution
		Debug|Any CPU = Debug|Any CPU
		Release|Any CPU = Release|Any CPU
	EndGlobalSection
	GlobalSection(ProjectConfigurationPlatforms) = postSolution
		{696CA139-4663-4B9F-9254-A72A75D43235}.Debug|Any CPU.ActiveCfg = Debug|Any CPU
		{696CA139-4663-4B9F-9254-A72A75D43235}.Debug|Any CPU.Build.0 = Debug|Any CPU
		{696CA139-4663-4B9F-9254-A72A75D43235}.Release|Any CPU.ActiveCfg = Release|Any CPU
		{696CA139-4663-4B9F-9254-A72A75D43235}.Release|Any CPU.Build.0 = Release|Any CPU
	EndGlobalSection
	GlobalSection(SolutionProperties) = preSolution
		HideSolutionNode = FALSE
	EndGlobalSection
	GlobalSection(ExtensibilityGlobals) = postSolution
		SolutionGuid = {4DC40E41-8B7D-4229-99F5-8BB9C8988B21}
	EndGlobalSection
EndGlobal
